// !$*UTF8*$!
{
	archiveVersion = 1;
	classes = {
	};
	objectVersion = 56;
	objects = {

/* Begin PBXBuildFile section */
		5AD021902B2734DD00463E64 /* AppDelegate.swift in Sources */ = {isa = PBXBuildFile; fileRef = 5AD0218F2B2734DD00463E64 /* AppDelegate.swift */; };
		5AD021922B2734DD00463E64 /* SceneDelegate.swift in Sources */ = {isa = PBXBuildFile; fileRef = 5AD021912B2734DD00463E64 /* SceneDelegate.swift */; };
		5AD021942B2734DD00463E64 /* ConversationViewController.swift in Sources */ = {isa = PBXBuildFile; fileRef = 5AD021932B2734DD00463E64 /* ConversationViewController.swift */; };
		5AD021972B2734DD00463E64 /* Main.storyboard in Resources */ = {isa = PBXBuildFile; fileRef = 5AD021952B2734DD00463E64 /* Main.storyboard */; };
		5AD021992B2734DE00463E64 /* Assets.xcassets in Resources */ = {isa = PBXBuildFile; fileRef = 5AD021982B2734DE00463E64 /* Assets.xcassets */; };
		5AD0219C2B2734DE00463E64 /* LaunchScreen.storyboard in Resources */ = {isa = PBXBuildFile; fileRef = 5AD0219A2B2734DE00463E64 /* LaunchScreen.storyboard */; };
		5AD021AA2B273AA200463E64 /* LoginViewController.swift in Sources */ = {isa = PBXBuildFile; fileRef = 5AD021A92B273AA200463E64 /* LoginViewController.swift */; };
		5AD021AC2B273AE900463E64 /* RegisterViewController.swift in Sources */ = {isa = PBXBuildFile; fileRef = 5AD021AB2B273AE900463E64 /* RegisterViewController.swift */; };
		5AD021AE2B273B4900463E64 /* PhotoViewerViewController.swift in Sources */ = {isa = PBXBuildFile; fileRef = 5AD021AD2B273B4900463E64 /* PhotoViewerViewController.swift */; };
		5AD021B02B273B5F00463E64 /* VideoPlayerViewController.swift in Sources */ = {isa = PBXBuildFile; fileRef = 5AD021AF2B273B5F00463E64 /* VideoPlayerViewController.swift */; };
		5AD021B22B273B9900463E64 /* NewConversationViewController.swift in Sources */ = {isa = PBXBuildFile; fileRef = 5AD021B12B273B9900463E64 /* NewConversationViewController.swift */; };
/* End PBXBuildFile section */

/* Begin PBXFileReference section */
		5AD0218C2B2734DD00463E64 /* Messenger.app */ = {isa = PBXFileReference; explicitFileType = wrapper.application; includeInIndex = 0; path = Messenger.app; sourceTree = BUILT_PRODUCTS_DIR; };
		5AD0218F2B2734DD00463E64 /* AppDelegate.swift */ = {isa = PBXFileReference; lastKnownFileType = sourcecode.swift; path = AppDelegate.swift; sourceTree = "<group>"; };
		5AD021912B2734DD00463E64 /* SceneDelegate.swift */ = {isa = PBXFileReference; lastKnownFileType = sourcecode.swift; path = SceneDelegate.swift; sourceTree = "<group>"; };
		5AD021932B2734DD00463E64 /* ConversationViewController.swift */ = {isa = PBXFileReference; lastKnownFileType = sourcecode.swift; path = ConversationViewController.swift; sourceTree = "<group>"; };
		5AD021962B2734DD00463E64 /* Base */ = {isa = PBXFileReference; lastKnownFileType = file.storyboard; name = Base; path = Base.lproj/Main.storyboard; sourceTree = "<group>"; };
		5AD021982B2734DE00463E64 /* Assets.xcassets */ = {isa = PBXFileReference; lastKnownFileType = folder.assetcatalog; path = Assets.xcassets; sourceTree = "<group>"; };
		5AD0219B2B2734DE00463E64 /* Base */ = {isa = PBXFileReference; lastKnownFileType = file.storyboard; name = Base; path = Base.lproj/LaunchScreen.storyboard; sourceTree = "<group>"; };
		5AD0219D2B2734DE00463E64 /* Info.plist */ = {isa = PBXFileReference; lastKnownFileType = text.plist.xml; path = Info.plist; sourceTree = "<group>"; };
		5AD021A92B273AA200463E64 /* LoginViewController.swift */ = {isa = PBXFileReference; lastKnownFileType = sourcecode.swift; path = LoginViewController.swift; sourceTree = "<group>"; };
		5AD021AB2B273AE900463E64 /* RegisterViewController.swift */ = {isa = PBXFileReference; lastKnownFileType = sourcecode.swift; path = RegisterViewController.swift; sourceTree = "<group>"; };
		5AD021AD2B273B4900463E64 /* PhotoViewerViewController.swift */ = {isa = PBXFileReference; lastKnownFileType = sourcecode.swift; path = PhotoViewerViewController.swift; sourceTree = "<group>"; };
		5AD021AF2B273B5F00463E64 /* VideoPlayerViewController.swift */ = {isa = PBXFileReference; lastKnownFileType = sourcecode.swift; path = VideoPlayerViewController.swift; sourceTree = "<group>"; };
		5AD021B12B273B9900463E64 /* NewConversationViewController.swift */ = {isa = PBXFileReference; lastKnownFileType = sourcecode.swift; path = NewConversationViewController.swift; sourceTree = "<group>"; };
/* End PBXFileReference section */

/* Begin PBXFrameworksBuildPhase section */
		5AD021892B2734DD00463E64 /* Frameworks */ = {
			isa = PBXFrameworksBuildPhase;
			buildActionMask = 2147483647;
			files = (
			);
			runOnlyForDeploymentPostprocessing = 0;
		};
/* End PBXFrameworksBuildPhase section */

/* Begin PBXGroup section */
		5AD021832B2734DD00463E64 = {
			isa = PBXGroup;
			children = (
				5AD0218E2B2734DD00463E64 /* Messenger */,
				5AD0218D2B2734DD00463E64 /* Products */,
			);
			sourceTree = "<group>";
		};
		5AD0218D2B2734DD00463E64 /* Products */ = {
			isa = PBXGroup;
			children = (
				5AD0218C2B2734DD00463E64 /* Messenger.app */,
			);
			name = Products;
			sourceTree = "<group>";
		};
		5AD0218E2B2734DD00463E64 /* Messenger */ = {
			isa = PBXGroup;
			children = (
				5AD021A72B27373200463E64 /* Resources */,
				5AD021A62B27372200463E64 /* ViewModels */,
				5AD021A52B27370F00463E64 /* Models */,
				5AD021A42B27370200463E64 /* Views */,
				5AD021A32B2736C800463E64 /* Controllers */,
				5AD0219D2B2734DE00463E64 /* Info.plist */,
			);
			path = Messenger;
			sourceTree = "<group>";
		};
		5AD021A32B2736C800463E64 /* Controllers */ = {
			isa = PBXGroup;
			children = (
				5AD021932B2734DD00463E64 /* ConversationViewController.swift */,
				5AD021A92B273AA200463E64 /* LoginViewController.swift */,
				5AD021AB2B273AE900463E64 /* RegisterViewController.swift */,
				5AD021AD2B273B4900463E64 /* PhotoViewerViewController.swift */,
				5AD021AF2B273B5F00463E64 /* VideoPlayerViewController.swift */,
				5AD021B12B273B9900463E64 /* NewConversationViewController.swift */,
			);
			path = Controllers;
			sourceTree = "<group>";
		};
		5AD021A42B27370200463E64 /* Views */ = {
			isa = PBXGroup;
			children = (
				5AD021A82B27388600463E64 /* Storyboards */,
				5AD021982B2734DE00463E64 /* Assets.xcassets */,
				5AD0219A2B2734DE00463E64 /* LaunchScreen.storyboard */,
			);
			path = Views;
			sourceTree = "<group>";
		};
		5AD021A52B27370F00463E64 /* Models */ = {
			isa = PBXGroup;
			children = (
			);
			path = Models;
			sourceTree = "<group>";
		};
		5AD021A62B27372200463E64 /* ViewModels */ = {
			isa = PBXGroup;
			children = (
			);
			path = ViewModels;
			sourceTree = "<group>";
		};
		5AD021A72B27373200463E64 /* Resources */ = {
			isa = PBXGroup;
			children = (
				5AD0218F2B2734DD00463E64 /* AppDelegate.swift */,
				5AD021912B2734DD00463E64 /* SceneDelegate.swift */,
			);
			path = Resources;
			sourceTree = "<group>";
		};
		5AD021A82B27388600463E64 /* Storyboards */ = {
			isa = PBXGroup;
			children = (
				5AD021952B2734DD00463E64 /* Main.storyboard */,
			);
			path = Storyboards;
			sourceTree = "<group>";
		};
/* End PBXGroup section */

/* Begin PBXNativeTarget section */
		5AD0218B2B2734DD00463E64 /* Messenger */ = {
			isa = PBXNativeTarget;
			buildConfigurationList = 5AD021A02B2734DE00463E64 /* Build configuration list for PBXNativeTarget "Messenger" */;
			buildPhases = (
				5AD021882B2734DD00463E64 /* Sources */,
				5AD021892B2734DD00463E64 /* Frameworks */,
				5AD0218A2B2734DD00463E64 /* Resources */,
			);
			buildRules = (
			);
			dependencies = (
			);
			name = Messenger;
			productName = Messenger;
			productReference = 5AD0218C2B2734DD00463E64 /* Messenger.app */;
			productType = "com.apple.product-type.application";
		};
/* End PBXNativeTarget section */

/* Begin PBXProject section */
		5AD021842B2734DD00463E64 /* Project object */ = {
			isa = PBXProject;
			attributes = {
				BuildIndependentTargetsInParallel = 1;
				LastSwiftUpdateCheck = 1500;
				LastUpgradeCheck = 1500;
				TargetAttributes = {
					5AD0218B2B2734DD00463E64 = {
						CreatedOnToolsVersion = 15.0.1;
					};
				};
			};
			buildConfigurationList = 5AD021872B2734DD00463E64 /* Build configuration list for PBXProject "Messenger" */;
			compatibilityVersion = "Xcode 14.0";
			developmentRegion = en;
			hasScannedForEncodings = 0;
			knownRegions = (
				en,
				Base,
			);
			mainGroup = 5AD021832B2734DD00463E64;
			productRefGroup = 5AD0218D2B2734DD00463E64 /* Products */;
			projectDirPath = "";
			projectRoot = "";
			targets = (
				5AD0218B2B2734DD00463E64 /* Messenger */,
			);
		};
/* End PBXProject section */

/* Begin PBXResourcesBuildPhase section */
		5AD0218A2B2734DD00463E64 /* Resources */ = {
			isa = PBXResourcesBuildPhase;
			buildActionMask = 2147483647;
			files = (
				5AD0219C2B2734DE00463E64 /* LaunchScreen.storyboard in Resources */,
				5AD021992B2734DE00463E64 /* Assets.xcassets in Resources */,
				5AD021972B2734DD00463E64 /* Main.storyboard in Resources */,
			);
			runOnlyForDeploymentPostprocessing = 0;
		};
/* End PBXResourcesBuildPhase section */

/* Begin PBXSourcesBuildPhase section */
		5AD021882B2734DD00463E64 /* Sources */ = {
			isa = PBXSourcesBuildPhase;
			buildActionMask = 2147483647;
			files = (
				5AD021AA2B273AA200463E64 /* LoginViewController.swift in Sources */,
				5AD021AC2B273AE900463E64 /* RegisterViewController.swift in Sources */,
				5AD021B22B273B9900463E64 /* NewConversationViewController.swift in Sources */,
				5AD021942B2734DD00463E64 /* ConversationViewController.swift in Sources */,
				5AD021B02B273B5F00463E64 /* VideoPlayerViewController.swift in Sources */,
				5AD021902B2734DD00463E64 /* AppDelegate.swift in Sources */,
				5AD021922B2734DD00463E64 /* SceneDelegate.swift in Sources */,
				5AD021AE2B273B4900463E64 /* PhotoViewerViewController.swift in Sources */,
			);
			runOnlyForDeploymentPostprocessing = 0;
		};
/* End PBXSourcesBuildPhase section */

/* Begin PBXVariantGroup section */
		5AD021952B2734DD00463E64 /* Main.storyboard */ = {
			isa = PBXVariantGroup;
			children = (
				5AD021962B2734DD00463E64 /* Base */,
			);
			name = Main.storyboard;
			sourceTree = "<group>";
		};
		5AD0219A2B2734DE00463E64 /* LaunchScreen.storyboard */ = {
			isa = PBXVariantGroup;
			children = (
				5AD0219B2B2734DE00463E64 /* Base */,
			);
			name = LaunchScreen.storyboard;
			sourceTree = "<group>";
		};
/* End PBXVariantGroup section */

/* Begin XCBuildConfiguration section */
		5AD0219E2B2734DE00463E64 /* Debug */ = {
			isa = XCBuildConfiguration;
			buildSettings = {
				ALWAYS_SEARCH_USER_PATHS = NO;
				ASSETCATALOG_COMPILER_GENERATE_SWIFT_ASSET_SYMBOL_EXTENSIONS = YES;
				CLANG_ANALYZER_NONNULL = YES;
				CLANG_ANALYZER_NUMBER_OBJECT_CONVERSION = YES_AGGRESSIVE;
				CLANG_CXX_LANGUAGE_STANDARD = "gnu++20";
				CLANG_ENABLE_MODULES = YES;
				CLANG_ENABLE_OBJC_ARC = YES;
				CLANG_ENABLE_OBJC_WEAK = YES;
				CLANG_WARN_BLOCK_CAPTURE_AUTORELEASING = YES;
				CLANG_WARN_BOOL_CONVERSION = YES;
				CLANG_WARN_COMMA = YES;
				CLANG_WARN_CONSTANT_CONVERSION = YES;
				CLANG_WARN_DEPRECATED_OBJC_IMPLEMENTATIONS = YES;
				CLANG_WARN_DIRECT_OBJC_ISA_USAGE = YES_ERROR;
				CLANG_WARN_DOCUMENTATION_COMMENTS = YES;
				CLANG_WARN_EMPTY_BODY = YES;
				CLANG_WARN_ENUM_CONVERSION = YES;
				CLANG_WARN_INFINITE_RECURSION = YES;
				CLANG_WARN_INT_CONVERSION = YES;
				CLANG_WARN_NON_LITERAL_NULL_CONVERSION = YES;
				CLANG_WARN_OBJC_IMPLICIT_RETAIN_SELF = YES;
				CLANG_WARN_OBJC_LITERAL_CONVERSION = YES;
				CLANG_WARN_OBJC_ROOT_CLASS = YES_ERROR;
				CLANG_WARN_QUOTED_INCLUDE_IN_FRAMEWORK_HEADER = YES;
				CLANG_WARN_RANGE_LOOP_ANALYSIS = YES;
				CLANG_WARN_STRICT_PROTOTYPES = YES;
				CLANG_WARN_SUSPICIOUS_MOVE = YES;
				CLANG_WARN_UNGUARDED_AVAILABILITY = YES_AGGRESSIVE;
				CLANG_WARN_UNREACHABLE_CODE = YES;
				CLANG_WARN__DUPLICATE_METHOD_MATCH = YES;
				COPY_PHASE_STRIP = NO;
				DEBUG_INFORMATION_FORMAT = dwarf;
				ENABLE_STRICT_OBJC_MSGSEND = YES;
				ENABLE_TESTABILITY = YES;
				ENABLE_USER_SCRIPT_SANDBOXING = YES;
				GCC_C_LANGUAGE_STANDARD = gnu17;
				GCC_DYNAMIC_NO_PIC = NO;
				GCC_NO_COMMON_BLOCKS = YES;
				GCC_OPTIMIZATION_LEVEL = 0;
				GCC_PREPROCESSOR_DEFINITIONS = (
					"DEBUG=1",
					"$(inherited)",
				);
				GCC_WARN_64_TO_32_BIT_CONVERSION = YES;
				GCC_WARN_ABOUT_RETURN_TYPE = YES_ERROR;
				GCC_WARN_UNDECLARED_SELECTOR = YES;
				GCC_WARN_UNINITIALIZED_AUTOS = YES_AGGRESSIVE;
				GCC_WARN_UNUSED_FUNCTION = YES;
				GCC_WARN_UNUSED_VARIABLE = YES;
				IPHONEOS_DEPLOYMENT_TARGET = 17.0;
				LOCALIZATION_PREFERS_STRING_CATALOGS = YES;
				MTL_ENABLE_DEBUG_INFO = INCLUDE_SOURCE;
				MTL_FAST_MATH = YES;
				ONLY_ACTIVE_ARCH = YES;
				SDKROOT = iphoneos;
				SWIFT_ACTIVE_COMPILATION_CONDITIONS = "DEBUG $(inherited)";
				SWIFT_OPTIMIZATION_LEVEL = "-Onone";
			};
			name = Debug;
		};
		5AD0219F2B2734DE00463E64 /* Release */ = {
			isa = XCBuildConfiguration;
			buildSettings = {
				ALWAYS_SEARCH_USER_PATHS = NO;
				ASSETCATALOG_COMPILER_GENERATE_SWIFT_ASSET_SYMBOL_EXTENSIONS = YES;
				CLANG_ANALYZER_NONNULL = YES;
				CLANG_ANALYZER_NUMBER_OBJECT_CONVERSION = YES_AGGRESSIVE;
				CLANG_CXX_LANGUAGE_STANDARD = "gnu++20";
				CLANG_ENABLE_MODULES = YES;
				CLANG_ENABLE_OBJC_ARC = YES;
				CLANG_ENABLE_OBJC_WEAK = YES;
				CLANG_WARN_BLOCK_CAPTURE_AUTORELEASING = YES;
				CLANG_WARN_BOOL_CONVERSION = YES;
				CLANG_WARN_COMMA = YES;
				CLANG_WARN_CONSTANT_CONVERSION = YES;
				CLANG_WARN_DEPRECATED_OBJC_IMPLEMENTATIONS = YES;
				CLANG_WARN_DIRECT_OBJC_ISA_USAGE = YES_ERROR;
				CLANG_WARN_DOCUMENTATION_COMMENTS = YES;
				CLANG_WARN_EMPTY_BODY = YES;
				CLANG_WARN_ENUM_CONVERSION = YES;
				CLANG_WARN_INFINITE_RECURSION = YES;
				CLANG_WARN_INT_CONVERSION = YES;
				CLANG_WARN_NON_LITERAL_NULL_CONVERSION = YES;
				CLANG_WARN_OBJC_IMPLICIT_RETAIN_SELF = YES;
				CLANG_WARN_OBJC_LITERAL_CONVERSION = YES;
				CLANG_WARN_OBJC_ROOT_CLASS = YES_ERROR;
				CLANG_WARN_QUOTED_INCLUDE_IN_FRAMEWORK_HEADER = YES;
				CLANG_WARN_RANGE_LOOP_ANALYSIS = YES;
				CLANG_WARN_STRICT_PROTOTYPES = YES;
				CLANG_WARN_SUSPICIOUS_MOVE = YES;
				CLANG_WARN_UNGUARDED_AVAILABILITY = YES_AGGRESSIVE;
				CLANG_WARN_UNREACHABLE_CODE = YES;
				CLANG_WARN__DUPLICATE_METHOD_MATCH = YES;
				COPY_PHASE_STRIP = NO;
				DEBUG_INFORMATION_FORMAT = "dwarf-with-dsym";
				ENABLE_NS_ASSERTIONS = NO;
				ENABLE_STRICT_OBJC_MSGSEND = YES;
				ENABLE_USER_SCRIPT_SANDBOXING = YES;
				GCC_C_LANGUAGE_STANDARD = gnu17;
				GCC_NO_COMMON_BLOCKS = YES;
				GCC_WARN_64_TO_32_BIT_CONVERSION = YES;
				GCC_WARN_ABOUT_RETURN_TYPE = YES_ERROR;
				GCC_WARN_UNDECLARED_SELECTOR = YES;
				GCC_WARN_UNINITIALIZED_AUTOS = YES_AGGRESSIVE;
				GCC_WARN_UNUSED_FUNCTION = YES;
				GCC_WARN_UNUSED_VARIABLE = YES;
				IPHONEOS_DEPLOYMENT_TARGET = 17.0;
				LOCALIZATION_PREFERS_STRING_CATALOGS = YES;
				MTL_ENABLE_DEBUG_INFO = NO;
				MTL_FAST_MATH = YES;
				SDKROOT = iphoneos;
				SWIFT_COMPILATION_MODE = wholemodule;
				VALIDATE_PRODUCT = YES;
			};
			name = Release;
		};
		5AD021A12B2734DE00463E64 /* Debug */ = {
			isa = XCBuildConfiguration;
			buildSettings = {
				ASSETCATALOG_COMPILER_APPICON_NAME = AppIcon;
				ASSETCATALOG_COMPILER_GLOBAL_ACCENT_COLOR_NAME = AccentColor;
				CODE_SIGN_STYLE = Automatic;
				CURRENT_PROJECT_VERSION = 1;
				DEVELOPMENT_TEAM = F33M7VP8QL;
				GENERATE_INFOPLIST_FILE = YES;
				INFOPLIST_FILE = Messenger/Info.plist;
				INFOPLIST_KEY_UIApplicationSupportsIndirectInputEvents = YES;
				INFOPLIST_KEY_UILaunchStoryboardName = LaunchScreen;
				INFOPLIST_KEY_UIMainStoryboardFile = Main;
				INFOPLIST_KEY_UISupportedInterfaceOrientations = UIInterfaceOrientationPortrait;
				LD_RUNPATH_SEARCH_PATHS = (
					"$(inherited)",
					"@executable_path/Frameworks",
				);
				MARKETING_VERSION = 1.0;
				PRODUCT_BUNDLE_IDENTIFIER = com.Messenger;
				PRODUCT_NAME = "$(TARGET_NAME)";
				SWIFT_EMIT_LOC_STRINGS = YES;
				SWIFT_VERSION = 5.0;
				TARGETED_DEVICE_FAMILY = "1,2";
			};
			name = Debug;
		};
		5AD021A22B2734DE00463E64 /* Release */ = {
			isa = XCBuildConfiguration;
			buildSettings = {
				ASSETCATALOG_COMPILER_APPICON_NAME = AppIcon;
				ASSETCATALOG_COMPILER_GLOBAL_ACCENT_COLOR_NAME = AccentColor;
				CODE_SIGN_STYLE = Automatic;
				CURRENT_PROJECT_VERSION = 1;
				DEVELOPMENT_TEAM = F33M7VP8QL;
				GENERATE_INFOPLIST_FILE = YES;
				INFOPLIST_FILE = Messenger/Info.plist;
				INFOPLIST_KEY_UIApplicationSupportsIndirectInputEvents = YES;
				INFOPLIST_KEY_UILaunchStoryboardName = LaunchScreen;
				INFOPLIST_KEY_UIMainStoryboardFile = Main;
				INFOPLIST_KEY_UISupportedInterfaceOrientations = UIInterfaceOrientationPortrait;
				LD_RUNPATH_SEARCH_PATHS = (
					"$(inherited)",
					"@executable_path/Frameworks",
				);
				MARKETING_VERSION = 1.0;
				PRODUCT_BUNDLE_IDENTIFIER = com.Messenger;
				PRODUCT_NAME = "$(TARGET_NAME)";
				SWIFT_EMIT_LOC_STRINGS = YES;
				SWIFT_VERSION = 5.0;
				TARGETED_DEVICE_FAMILY = "1,2";
			};
			name = Release;
		};
/* End XCBuildConfiguration section */

/* Begin XCConfigurationList section */
		5AD021872B2734DD00463E64 /* Build configuration list for PBXProject "Messenger" */ = {
			isa = XCConfigurationList;
			buildConfigurations = (
				5AD0219E2B2734DE00463E64 /* Debug */,
				5AD0219F2B2734DE00463E64 /* Release */,
			);
			defaultConfigurationIsVisible = 0;
			defaultConfigurationName = Release;
		};
		5AD021A02B2734DE00463E64 /* Build configuration list for PBXNativeTarget "Messenger" */ = {
			isa = XCConfigurationList;
			buildConfigurations = (
				5AD021A12B2734DE00463E64 /* Debug */,
				5AD021A22B2734DE00463E64 /* Release */,
			);
			defaultConfigurationIsVisible = 0;
			defaultConfigurationName = Release;
		};
/* End XCConfigurationList section */
	};
	rootObject = 5AD021842B2734DD00463E64 /* Project object */;
}
